// !$*UTF8*$!
{
	archiveVersion = 1;
	classes = {
	};
	objectVersion = 50;
	objects = {

/* Begin PBXBuildFile section */
		2A673D6B248AE984000D293B /* AppDelegate.swift in Sources */ = {isa = PBXBuildFile; fileRef = 2A673D6A248AE984000D293B /* AppDelegate.swift */; };
		2A673D6D248AE984000D293B /* SceneDelegate.swift in Sources */ = {isa = PBXBuildFile; fileRef = 2A673D6C248AE984000D293B /* SceneDelegate.swift */; };
		2A673D6F248AE984000D293B /* ContentView.swift in Sources */ = {isa = PBXBuildFile; fileRef = 2A673D6E248AE984000D293B /* ContentView.swift */; };
		2A673D71248AE984000D293B /* Assets.xcassets in Resources */ = {isa = PBXBuildFile; fileRef = 2A673D70248AE984000D293B /* Assets.xcassets */; };
		2A673D74248AE984000D293B /* Preview Assets.xcassets in Resources */ = {isa = PBXBuildFile; fileRef = 2A673D73248AE984000D293B /* Preview Assets.xcassets */; };
		2A673D77248AE984000D293B /* LaunchScreen.storyboard in Resources */ = {isa = PBXBuildFile; fileRef = 2A673D75248AE984000D293B /* LaunchScreen.storyboard */; };
		2A673D80248AEA0C000D293B /* Dealer.swift in Sources */ = {isa = PBXBuildFile; fileRef = 2A673D7F248AEA0C000D293B /* Dealer.swift */; };
		2A673D83248AEA27000D293B /* Game.swift in Sources */ = {isa = PBXBuildFile; fileRef = 2A673D82248AEA27000D293B /* Game.swift */; };
		2A673D86248AEA55000D293B /* Diamond.swift in Sources */ = {isa = PBXBuildFile; fileRef = 2A673D85248AEA55000D293B /* Diamond.swift */; };
		2A673D88248AEA6D000D293B /* Squiggle.swift in Sources */ = {isa = PBXBuildFile; fileRef = 2A673D87248AEA6D000D293B /* Squiggle.swift */; };
		2A673D8A248AEA7E000D293B /* AnyShape.swift in Sources */ = {isa = PBXBuildFile; fileRef = 2A673D89248AEA7E000D293B /* AnyShape.swift */; };
		2A673D8C248AEA8E000D293B /* Preview Tweaks.swift in Sources */ = {isa = PBXBuildFile; fileRef = 2A673D8B248AEA8E000D293B /* Preview Tweaks.swift */; };
		2A673D8F248AEAAA000D293B /* GridLayout.swift in Sources */ = {isa = PBXBuildFile; fileRef = 2A673D8E248AEAAA000D293B /* GridLayout.swift */; };
		2A673D91248AEABD000D293B /* Grid.swift in Sources */ = {isa = PBXBuildFile; fileRef = 2A673D90248AEABD000D293B /* Grid.swift */; };
		2A673D93248AEAD3000D293B /* Array+Identifiable.swift in Sources */ = {isa = PBXBuildFile; fileRef = 2A673D92248AEAD3000D293B /* Array+Identifiable.swift */; };
		2A673D95248AEAE3000D293B /* CardViewModifier.swift in Sources */ = {isa = PBXBuildFile; fileRef = 2A673D94248AEAE3000D293B /* CardViewModifier.swift */; };
		2ABB9185249AA68700882DCB /* CardFrame.swift in Sources */ = {isa = PBXBuildFile; fileRef = 2ABB9184249AA68700882DCB /* CardFrame.swift */; };
		2ACD1411248B89BC001DC143 /* Array+allSameOrDifferent.swift in Sources */ = {isa = PBXBuildFile; fileRef = 2ACD1410248B89BC001DC143 /* Array+allSameOrDifferent.swift */; };
		2ACD1413248B89D9001DC143 /* Card.swift in Sources */ = {isa = PBXBuildFile; fileRef = 2ACD1412248B89D9001DC143 /* Card.swift */; };
		2ACD1417248CEA0A001DC143 /* Colors.swift in Sources */ = {isa = PBXBuildFile; fileRef = 2ACD1416248CEA0A001DC143 /* Colors.swift */; };
		2ACD141A248D0466001DC143 /* RulesView.swift in Sources */ = {isa = PBXBuildFile; fileRef = 2ACD1419248D0466001DC143 /* RulesView.swift */; };
/* End PBXBuildFile section */

/* Begin PBXFileReference section */
		2A673D67248AE984000D293B /* Classic Set.app */ = {isa = PBXFileReference; explicitFileType = wrapper.application; includeInIndex = 0; path = "Classic Set.app"; sourceTree = BUILT_PRODUCTS_DIR; };
		2A673D6A248AE984000D293B /* AppDelegate.swift */ = {isa = PBXFileReference; lastKnownFileType = sourcecode.swift; path = AppDelegate.swift; sourceTree = "<group>"; };
		2A673D6C248AE984000D293B /* SceneDelegate.swift */ = {isa = PBXFileReference; lastKnownFileType = sourcecode.swift; path = SceneDelegate.swift; sourceTree = "<group>"; };
		2A673D6E248AE984000D293B /* ContentView.swift */ = {isa = PBXFileReference; lastKnownFileType = sourcecode.swift; path = ContentView.swift; sourceTree = "<group>"; };
		2A673D70248AE984000D293B /* Assets.xcassets */ = {isa = PBXFileReference; lastKnownFileType = folder.assetcatalog; path = Assets.xcassets; sourceTree = "<group>"; };
		2A673D73248AE984000D293B /* Preview Assets.xcassets */ = {isa = PBXFileReference; lastKnownFileType = folder.assetcatalog; path = "Preview Assets.xcassets"; sourceTree = "<group>"; };
		2A673D76248AE984000D293B /* Base */ = {isa = PBXFileReference; lastKnownFileType = file.storyboard; name = Base; path = Base.lproj/LaunchScreen.storyboard; sourceTree = "<group>"; };
		2A673D78248AE984000D293B /* Info.plist */ = {isa = PBXFileReference; lastKnownFileType = text.plist.xml; path = Info.plist; sourceTree = "<group>"; };
		2A673D7F248AEA0C000D293B /* Dealer.swift */ = {isa = PBXFileReference; lastKnownFileType = sourcecode.swift; path = Dealer.swift; sourceTree = "<group>"; };
		2A673D82248AEA27000D293B /* Game.swift */ = {isa = PBXFileReference; lastKnownFileType = sourcecode.swift; path = Game.swift; sourceTree = "<group>"; };
		2A673D85248AEA55000D293B /* Diamond.swift */ = {isa = PBXFileReference; lastKnownFileType = sourcecode.swift; path = Diamond.swift; sourceTree = "<group>"; };
		2A673D87248AEA6D000D293B /* Squiggle.swift */ = {isa = PBXFileReference; lastKnownFileType = sourcecode.swift; path = Squiggle.swift; sourceTree = "<group>"; };
		2A673D89248AEA7E000D293B /* AnyShape.swift */ = {isa = PBXFileReference; lastKnownFileType = sourcecode.swift; path = AnyShape.swift; sourceTree = "<group>"; };
		2A673D8B248AEA8E000D293B /* Preview Tweaks.swift */ = {isa = PBXFileReference; lastKnownFileType = sourcecode.swift; path = "Preview Tweaks.swift"; sourceTree = "<group>"; };
		2A673D8E248AEAAA000D293B /* GridLayout.swift */ = {isa = PBXFileReference; lastKnownFileType = sourcecode.swift; path = GridLayout.swift; sourceTree = "<group>"; };
		2A673D90248AEABD000D293B /* Grid.swift */ = {isa = PBXFileReference; lastKnownFileType = sourcecode.swift; path = Grid.swift; sourceTree = "<group>"; };
		2A673D92248AEAD3000D293B /* Array+Identifiable.swift */ = {isa = PBXFileReference; lastKnownFileType = sourcecode.swift; path = "Array+Identifiable.swift"; sourceTree = "<group>"; };
		2A673D94248AEAE3000D293B /* CardViewModifier.swift */ = {isa = PBXFileReference; lastKnownFileType = sourcecode.swift; path = CardViewModifier.swift; sourceTree = "<group>"; };
		2ABB9184249AA68700882DCB /* CardFrame.swift */ = {isa = PBXFileReference; lastKnownFileType = sourcecode.swift; path = CardFrame.swift; sourceTree = "<group>"; };
		2ACD1410248B89BC001DC143 /* Array+allSameOrDifferent.swift */ = {isa = PBXFileReference; lastKnownFileType = sourcecode.swift; path = "Array+allSameOrDifferent.swift"; sourceTree = "<group>"; };
		2ACD1412248B89D9001DC143 /* Card.swift */ = {isa = PBXFileReference; lastKnownFileType = sourcecode.swift; path = Card.swift; sourceTree = "<group>"; };
		2ACD1416248CEA0A001DC143 /* Colors.swift */ = {isa = PBXFileReference; lastKnownFileType = sourcecode.swift; path = Colors.swift; sourceTree = "<group>"; };
		2ACD1419248D0466001DC143 /* RulesView.swift */ = {isa = PBXFileReference; lastKnownFileType = sourcecode.swift; path = RulesView.swift; sourceTree = "<group>"; };
		2AD75A032934C026002E22C6 /* SetGameNew */ = {isa = PBXFileReference; lastKnownFileType = wrapper; name = SetGameNew; path = ..; sourceTree = "<group>"; };
/* End PBXFileReference section */

/* Begin PBXFrameworksBuildPhase section */
		2A673D64248AE984000D293B /* Frameworks */ = {
			isa = PBXFrameworksBuildPhase;
			buildActionMask = 2147483647;
			files = (
			);
			runOnlyForDeploymentPostprocessing = 0;
		};
/* End PBXFrameworksBuildPhase section */

/* Begin PBXGroup section */
		2A673D5E248AE984000D293B = {
			isa = PBXGroup;
			children = (
				2AD75A032934C026002E22C6 /* SetGameNew */,
				2A673D69248AE984000D293B /* SetGame */,
				2A673D68248AE984000D293B /* Products */,
			);
			sourceTree = "<group>";
		};
		2A673D68248AE984000D293B /* Products */ = {
			isa = PBXGroup;
			children = (
				2A673D67248AE984000D293B /* Classic Set.app */,
			);
			name = Products;
			sourceTree = "<group>";
		};
		2A673D69248AE984000D293B /* SetGame */ = {
			isa = PBXGroup;
			children = (
				2A673D6A248AE984000D293B /* AppDelegate.swift */,
				2A673D6C248AE984000D293B /* SceneDelegate.swift */,
				2ACD1418248CEDE5001DC143 /* Colors */,
				2A673D7E248AE9F4000D293B /* View */,
				2A673D81248AEA10000D293B /* View Model */,
				2A673D84248AEA2B000D293B /* Model */,
				2A673D96248AEB06000D293B /* Shapes */,
				2A673D97248AEB0E000D293B /* Grid */,
				2A673D8D248AEA91000D293B /* Preview Tweaks */,
				2ACD1415248B8A03001DC143 /* Extensions */,
				2ACD1414248B89F8001DC143 /* Card View */,
				2A673D70248AE984000D293B /* Assets.xcassets */,
				2A673D75248AE984000D293B /* LaunchScreen.storyboard */,
				2A673D78248AE984000D293B /* Info.plist */,
				2A673D72248AE984000D293B /* Preview Content */,
			);
			path = SetGame;
			sourceTree = "<group>";
		};
		2A673D72248AE984000D293B /* Preview Content */ = {
			isa = PBXGroup;
			children = (
				2A673D73248AE984000D293B /* Preview Assets.xcassets */,
			);
			path = "Preview Content";
			sourceTree = "<group>";
		};
		2A673D7E248AE9F4000D293B /* View */ = {
			isa = PBXGroup;
			children = (
				2A673D6E248AE984000D293B /* ContentView.swift */,
				2ABB9184249AA68700882DCB /* CardFrame.swift */,
				2ACD1419248D0466001DC143 /* RulesView.swift */,
			);
			path = View;
			sourceTree = "<group>";
		};
		2A673D81248AEA10000D293B /* View Model */ = {
			isa = PBXGroup;
			children = (
				2A673D7F248AEA0C000D293B /* Dealer.swift */,
			);
			path = "View Model";
			sourceTree = "<group>";
		};
		2A673D84248AEA2B000D293B /* Model */ = {
			isa = PBXGroup;
			children = (
				2A673D82248AEA27000D293B /* Game.swift */,
				2ACD1412248B89D9001DC143 /* Card.swift */,
			);
			path = Model;
			sourceTree = "<group>";
		};
		2A673D8D248AEA91000D293B /* Preview Tweaks */ = {
			isa = PBXGroup;
			children = (
				2A673D8B248AEA8E000D293B /* Preview Tweaks.swift */,
			);
			path = "Preview Tweaks";
			sourceTree = "<group>";
		};
		2A673D96248AEB06000D293B /* Shapes */ = {
			isa = PBXGroup;
			children = (
				2A673D89248AEA7E000D293B /* AnyShape.swift */,
				2A673D85248AEA55000D293B /* Diamond.swift */,
				2A673D87248AEA6D000D293B /* Squiggle.swift */,
			);
			path = Shapes;
			sourceTree = "<group>";
		};
		2A673D97248AEB0E000D293B /* Grid */ = {
			isa = PBXGroup;
			children = (
				2A673D8E248AEAAA000D293B /* GridLayout.swift */,
				2A673D90248AEABD000D293B /* Grid.swift */,
			);
			path = Grid;
			sourceTree = "<group>";
		};
		2ACD1414248B89F8001DC143 /* Card View */ = {
			isa = PBXGroup;
			children = (
				2A673D94248AEAE3000D293B /* CardViewModifier.swift */,
			);
			path = "Card View";
			sourceTree = "<group>";
		};
		2ACD1415248B8A03001DC143 /* Extensions */ = {
			isa = PBXGroup;
			children = (
				2A673D92248AEAD3000D293B /* Array+Identifiable.swift */,
				2ACD1410248B89BC001DC143 /* Array+allSameOrDifferent.swift */,
			);
			path = Extensions;
			sourceTree = "<group>";
		};
		2ACD1418248CEDE5001DC143 /* Colors */ = {
			isa = PBXGroup;
			children = (
				2ACD1416248CEA0A001DC143 /* Colors.swift */,
			);
			path = Colors;
			sourceTree = "<group>";
		};
/* End PBXGroup section */

/* Begin PBXNativeTarget section */
		2A673D66248AE984000D293B /* SetGame */ = {
			isa = PBXNativeTarget;
			buildConfigurationList = 2A673D7B248AE984000D293B /* Build configuration list for PBXNativeTarget "SetGame" */;
			buildPhases = (
				2A673D63248AE984000D293B /* Sources */,
				2A673D64248AE984000D293B /* Frameworks */,
				2A673D65248AE984000D293B /* Resources */,
			);
			buildRules = (
			);
			dependencies = (
			);
			name = SetGame;
			productName = SetGame;
			productReference = 2A673D67248AE984000D293B /* Classic Set.app */;
			productType = "com.apple.product-type.application";
		};
/* End PBXNativeTarget section */

/* Begin PBXProject section */
		2A673D5F248AE984000D293B /* Project object */ = {
			isa = PBXProject;
			attributes = {
				LastSwiftUpdateCheck = 1150;
				LastUpgradeCheck = 1150;
				ORGANIZATIONNAME = "Igor Malyarov";
				TargetAttributes = {
					2A673D66248AE984000D293B = {
						CreatedOnToolsVersion = 11.5;
					};
				};
			};
			buildConfigurationList = 2A673D62248AE984000D293B /* Build configuration list for PBXProject "SetGame" */;
			compatibilityVersion = "Xcode 9.3";
			developmentRegion = en;
			hasScannedForEncodings = 0;
			knownRegions = (
				en,
				Base,
			);
			mainGroup = 2A673D5E248AE984000D293B;
			productRefGroup = 2A673D68248AE984000D293B /* Products */;
			projectDirPath = "";
			projectRoot = "";
			targets = (
				2A673D66248AE984000D293B /* SetGame */,
			);
		};
/* End PBXProject section */

/* Begin PBXResourcesBuildPhase section */
		2A673D65248AE984000D293B /* Resources */ = {
			isa = PBXResourcesBuildPhase;
			buildActionMask = 2147483647;
			files = (
				2A673D77248AE984000D293B /* LaunchScreen.storyboard in Resources */,
				2A673D74248AE984000D293B /* Preview Assets.xcassets in Resources */,
				2A673D71248AE984000D293B /* Assets.xcassets in Resources */,
			);
			runOnlyForDeploymentPostprocessing = 0;
		};
/* End PBXResourcesBuildPhase section */

/* Begin PBXSourcesBuildPhase section */
		2A673D63248AE984000D293B /* Sources */ = {
			isa = PBXSourcesBuildPhase;
			buildActionMask = 2147483647;
			files = (
				2A673D8C248AEA8E000D293B /* Preview Tweaks.swift in Sources */,
				2ABB9185249AA68700882DCB /* CardFrame.swift in Sources */,
				2A673D86248AEA55000D293B /* Diamond.swift in Sources */,
				2A673D88248AEA6D000D293B /* Squiggle.swift in Sources */,
				2A673D95248AEAE3000D293B /* CardViewModifier.swift in Sources */,
				2A673D8A248AEA7E000D293B /* AnyShape.swift in Sources */,
				2A673D91248AEABD000D293B /* Grid.swift in Sources */,
				2A673D93248AEAD3000D293B /* Array+Identifiable.swift in Sources */,
				2ACD1413248B89D9001DC143 /* Card.swift in Sources */,
				2A673D80248AEA0C000D293B /* Dealer.swift in Sources */,
				2ACD1417248CEA0A001DC143 /* Colors.swift in Sources */,
				2A673D83248AEA27000D293B /* Game.swift in Sources */,
				2A673D6B248AE984000D293B /* AppDelegate.swift in Sources */,
				2ACD1411248B89BC001DC143 /* Array+allSameOrDifferent.swift in Sources */,
				2A673D8F248AEAAA000D293B /* GridLayout.swift in Sources */,
				2A673D6D248AE984000D293B /* SceneDelegate.swift in Sources */,
				2ACD141A248D0466001DC143 /* RulesView.swift in Sources */,
				2A673D6F248AE984000D293B /* ContentView.swift in Sources */,
			);
			runOnlyForDeploymentPostprocessing = 0;
		};
/* End PBXSourcesBuildPhase section */

/* Begin PBXVariantGroup section */
		2A673D75248AE984000D293B /* LaunchScreen.storyboard */ = {
			isa = PBXVariantGroup;
			children = (
				2A673D76248AE984000D293B /* Base */,
			);
			name = LaunchScreen.storyboard;
			sourceTree = "<group>";
		};
/* End PBXVariantGroup section */

/* Begin XCBuildConfiguration section */
		2A673D79248AE984000D293B /* Debug */ = {
			isa = XCBuildConfiguration;
			buildSettings = {
				ALWAYS_SEARCH_USER_PATHS = NO;
				CLANG_ANALYZER_NONNULL = YES;
				CLANG_ANALYZER_NUMBER_OBJECT_CONVERSION = YES_AGGRESSIVE;
				CLANG_CXX_LANGUAGE_STANDARD = "gnu++14";
				CLANG_CXX_LIBRARY = "libc++";
				CLANG_ENABLE_MODULES = YES;
				CLANG_ENABLE_OBJC_ARC = YES;
				CLANG_ENABLE_OBJC_WEAK = YES;
				CLANG_WARN_BLOCK_CAPTURE_AUTORELEASING = YES;
				CLANG_WARN_BOOL_CONVERSION = YES;
				CLANG_WARN_COMMA = YES;
				CLANG_WARN_CONSTANT_CONVERSION = YES;
				CLANG_WARN_DEPRECATED_OBJC_IMPLEMENTATIONS = YES;
				CLANG_WARN_DIRECT_OBJC_ISA_USAGE = YES_ERROR;
				CLANG_WARN_DOCUMENTATION_COMMENTS = YES;
				CLANG_WARN_EMPTY_BODY = YES;
				CLANG_WARN_ENUM_CONVERSION = YES;
				CLANG_WARN_INFINITE_RECURSION = YES;
				CLANG_WARN_INT_CONVERSION = YES;
				CLANG_WARN_NON_LITERAL_NULL_CONVERSION = YES;
				CLANG_WARN_OBJC_IMPLICIT_RETAIN_SELF = YES;
				CLANG_WARN_OBJC_LITERAL_CONVERSION = YES;
				CLANG_WARN_OBJC_ROOT_CLASS = YES_ERROR;
				CLANG_WARN_RANGE_LOOP_ANALYSIS = YES;
				CLANG_WARN_STRICT_PROTOTYPES = YES;
				CLANG_WARN_SUSPICIOUS_MOVE = YES;
				CLANG_WARN_UNGUARDED_AVAILABILITY = YES_AGGRESSIVE;
				CLANG_WARN_UNREACHABLE_CODE = YES;
				CLANG_WARN__DUPLICATE_METHOD_MATCH = YES;
				COPY_PHASE_STRIP = NO;
				DEBUG_INFORMATION_FORMAT = dwarf;
				ENABLE_STRICT_OBJC_MSGSEND = YES;
				ENABLE_TESTABILITY = YES;
				GCC_C_LANGUAGE_STANDARD = gnu11;
				GCC_DYNAMIC_NO_PIC = NO;
				GCC_NO_COMMON_BLOCKS = YES;
				GCC_OPTIMIZATION_LEVEL = 0;
				GCC_PREPROCESSOR_DEFINITIONS = (
					"DEBUG=1",
					"$(inherited)",
				);
				GCC_WARN_64_TO_32_BIT_CONVERSION = YES;
				GCC_WARN_ABOUT_RETURN_TYPE = YES_ERROR;
				GCC_WARN_UNDECLARED_SELECTOR = YES;
				GCC_WARN_UNINITIALIZED_AUTOS = YES_AGGRESSIVE;
				GCC_WARN_UNUSED_FUNCTION = YES;
				GCC_WARN_UNUSED_VARIABLE = YES;
				IPHONEOS_DEPLOYMENT_TARGET = 13.5;
				MTL_ENABLE_DEBUG_INFO = INCLUDE_SOURCE;
				MTL_FAST_MATH = YES;
				ONLY_ACTIVE_ARCH = YES;
				SDKROOT = iphoneos;
				SWIFT_ACTIVE_COMPILATION_CONDITIONS = DEBUG;
				SWIFT_OPTIMIZATION_LEVEL = "-Onone";
			};
			name = Debug;
		};
		2A673D7A248AE984000D293B /* Release */ = {
			isa = XCBuildConfiguration;
			buildSettings = {
				ALWAYS_SEARCH_USER_PATHS = NO;
				CLANG_ANALYZER_NONNULL = YES;
				CLANG_ANALYZER_NUMBER_OBJECT_CONVERSION = YES_AGGRESSIVE;
				CLANG_CXX_LANGUAGE_STANDARD = "gnu++14";
				CLANG_CXX_LIBRARY = "libc++";
				CLANG_ENABLE_MODULES = YES;
				CLANG_ENABLE_OBJC_ARC = YES;
				CLANG_ENABLE_OBJC_WEAK = YES;
				CLANG_WARN_BLOCK_CAPTURE_AUTORELEASING = YES;
				CLANG_WARN_BOOL_CONVERSION = YES;
				CLANG_WARN_COMMA = YES;
				CLANG_WARN_CONSTANT_CONVERSION = YES;
				CLANG_WARN_DEPRECATED_OBJC_IMPLEMENTATIONS = YES;
				CLANG_WARN_DIRECT_OBJC_ISA_USAGE = YES_ERROR;
				CLANG_WARN_DOCUMENTATION_COMMENTS = YES;
				CLANG_WARN_EMPTY_BODY = YES;
				CLANG_WARN_ENUM_CONVERSION = YES;
				CLANG_WARN_INFINITE_RECURSION = YES;
				CLANG_WARN_INT_CONVERSION = YES;
				CLANG_WARN_NON_LITERAL_NULL_CONVERSION = YES;
				CLANG_WARN_OBJC_IMPLICIT_RETAIN_SELF = YES;
				CLANG_WARN_OBJC_LITERAL_CONVERSION = YES;
				CLANG_WARN_OBJC_ROOT_CLASS = YES_ERROR;
				CLANG_WARN_RANGE_LOOP_ANALYSIS = YES;
				CLANG_WARN_STRICT_PROTOTYPES = YES;
				CLANG_WARN_SUSPICIOUS_MOVE = YES;
				CLANG_WARN_UNGUARDED_AVAILABILITY = YES_AGGRESSIVE;
				CLANG_WARN_UNREACHABLE_CODE = YES;
				CLANG_WARN__DUPLICATE_METHOD_MATCH = YES;
				COPY_PHASE_STRIP = NO;
				DEBUG_INFORMATION_FORMAT = "dwarf-with-dsym";
				ENABLE_NS_ASSERTIONS = NO;
				ENABLE_STRICT_OBJC_MSGSEND = YES;
				GCC_C_LANGUAGE_STANDARD = gnu11;
				GCC_NO_COMMON_BLOCKS = YES;
				GCC_WARN_64_TO_32_BIT_CONVERSION = YES;
				GCC_WARN_ABOUT_RETURN_TYPE = YES_ERROR;
				GCC_WARN_UNDECLARED_SELECTOR = YES;
				GCC_WARN_UNINITIALIZED_AUTOS = YES_AGGRESSIVE;
				GCC_WARN_UNUSED_FUNCTION = YES;
				GCC_WARN_UNUSED_VARIABLE = YES;
				IPHONEOS_DEPLOYMENT_TARGET = 13.5;
				MTL_ENABLE_DEBUG_INFO = NO;
				MTL_FAST_MATH = YES;
				SDKROOT = iphoneos;
				SWIFT_COMPILATION_MODE = wholemodule;
				SWIFT_OPTIMIZATION_LEVEL = "-O";
				VALIDATE_PRODUCT = YES;
			};
			name = Release;
		};
		2A673D7C248AE984000D293B /* Debug */ = {
			isa = XCBuildConfiguration;
			buildSettings = {
				ASSETCATALOG_COMPILER_APPICON_NAME = AppIcon;
				"CODE_SIGN_IDENTITY[sdk=iphoneos*]" = "iPhone Developer";
				CODE_SIGN_STYLE = Manual;
				CURRENT_PROJECT_VERSION = 2;
				DEVELOPMENT_ASSET_PATHS = "\"SetGame/Preview Content\"";
				DEVELOPMENT_TEAM = "";
				"DEVELOPMENT_TEAM[sdk=iphoneos*]" = VRVJ9YNRQU;
				ENABLE_PREVIEWS = YES;
				INFOPLIST_FILE = SetGame/Info.plist;
				LD_RUNPATH_SEARCH_PATHS = (
					"$(inherited)",
					"@executable_path/Frameworks",
				);
				MARKETING_VERSION = 1.75;
				PRODUCT_BUNDLE_IDENTIFIER = com.photoigor.ClassicSetGame;
				PRODUCT_NAME = "Classic Set";
				PROVISIONING_PROFILE_SPECIFIER = "";
				"PROVISIONING_PROFILE_SPECIFIER[sdk=iphoneos*]" = "match Development com.photoigor.ClassicSetGame";
				SWIFT_VERSION = 5.0;
				TARGETED_DEVICE_FAMILY = "1,2";
				VERSIONING_SYSTEM = "apple-generic";
			};
			name = Debug;
		};
		2A673D7D248AE984000D293B /* Release */ = {
			isa = XCBuildConfiguration;
			buildSettings = {
				ASSETCATALOG_COMPILER_APPICON_NAME = AppIcon;
				"CODE_SIGN_IDENTITY[sdk=iphoneos*]" = "iPhone Distribution";
				CODE_SIGN_STYLE = Manual;
				CURRENT_PROJECT_VERSION = 2;
				DEVELOPMENT_ASSET_PATHS = "\"SetGame/Preview Content\"";
				DEVELOPMENT_TEAM = "";
				"DEVELOPMENT_TEAM[sdk=iphoneos*]" = VRVJ9YNRQU;
				ENABLE_PREVIEWS = YES;
				INFOPLIST_FILE = SetGame/Info.plist;
				LD_RUNPATH_SEARCH_PATHS = (
					"$(inherited)",
					"@executable_path/Frameworks",
				);
				MARKETING_VERSION = 1.75;
				PRODUCT_BUNDLE_IDENTIFIER = com.photoigor.ClassicSetGame;
				PRODUCT_NAME = "Classic Set";
				PROVISIONING_PROFILE_SPECIFIER = "";
				"PROVISIONING_PROFILE_SPECIFIER[sdk=iphoneos*]" = "match AppStore com.photoigor.ClassicSetGame";
				SWIFT_VERSION = 5.0;
				TARGETED_DEVICE_FAMILY = "1,2";
				VERSIONING_SYSTEM = "apple-generic";
			};
			name = Release;
		};
/* End XCBuildConfiguration section */

/* Begin XCConfigurationList section */
		2A673D62248AE984000D293B /* Build configuration list for PBXProject "SetGame" */ = {
			isa = XCConfigurationList;
			buildConfigurations = (
				2A673D79248AE984000D293B /* Debug */,
				2A673D7A248AE984000D293B /* Release */,
			);
			defaultConfigurationIsVisible = 0;
			defaultConfigurationName = Release;
		};
		2A673D7B248AE984000D293B /* Build configuration list for PBXNativeTarget "SetGame" */ = {
			isa = XCConfigurationList;
			buildConfigurations = (
				2A673D7C248AE984000D293B /* Debug */,
				2A673D7D248AE984000D293B /* Release */,
			);
			defaultConfigurationIsVisible = 0;
			defaultConfigurationName = Release;
		};
/* End XCConfigurationList section */
	};
	rootObject = 2A673D5F248AE984000D293B /* Project object */;
}
